
Microsoft Visual Studio Solution File, Format Version 12.00
# Visual Studio Version 17
VisualStudioVersion = 17.13.35818.85
MinimumVisualStudioVersion = 10.0.40219.1
Project("{FAE04EC0-301F-11D3-BF4B-00C04F79EFBC}") = "AltermedManager", "AltermedManager.csproj", "{36E4775B-D158-4A8D-BFF2-DF1AC01F7B8E}"
EndProject
Project("{FAE04EC0-301F-11D3-BF4B-00C04F79EFBC}") = "AltermedManagerTests", "..\AltermedManagerTests\AltermedManagerTests.csproj", "{78DFA1D2-F728-4E0A-98F8-E62EF12D9881}"
EndProject
Project("{FAE04EC0-301F-11D3-BF4B-00C04F79EFBC}") = "HealthDummyProvider", "..\HealthDummyProvider\HealthDummyProvider.csproj", "{0E6B9745-C73A-4986-AFA1-8B999A2F01B1}"
EndProject
Global
	GlobalSection(SolutionConfigurationPlatforms) = preSolution
		Debug|Any CPU = Debug|Any CPU
		Release|Any CPU = Release|Any CPU
	EndGlobalSection
	GlobalSection(ProjectConfigurationPlatforms) = postSolution
		{36E4775B-D158-4A8D-BFF2-DF1AC01F7B8E}.Debug|Any CPU.ActiveCfg = Debug|Any CPU
		{36E4775B-D158-4A8D-BFF2-DF1AC01F7B8E}.Debug|Any CPU.Build.0 = Debug|Any CPU
		{36E4775B-D158-4A8D-BFF2-DF1AC01F7B8E}.Release|Any CPU.ActiveCfg = Release|Any CPU
		{36E4775B-D158-4A8D-BFF2-DF1AC01F7B8E}.Release|Any CPU.Build.0 = Release|Any CPU
		{78DFA1D2-F728-4E0A-98F8-E62EF12D9881}.Debug|Any CPU.ActiveCfg = Debug|Any CPU
		{78DFA1D2-F728-4E0A-98F8-E62EF12D9881}.Debug|Any CPU.Build.0 = Debug|Any CPU
		{78DFA1D2-F728-4E0A-98F8-E62EF12D9881}.Release|Any CPU.ActiveCfg = Release|Any CPU
		{78DFA1D2-F728-4E0A-98F8-E62EF12D9881}.Release|Any CPU.Build.0 = Release|Any CPU
		{0E6B9745-C73A-4986-AFA1-8B999A2F01B1}.Debug|Any CPU.ActiveCfg = Debug|Any CPU
		{0E6B9745-C73A-4986-AFA1-8B999A2F01B1}.Debug|Any CPU.Build.0 = Debug|Any CPU
		{0E6B9745-C73A-4986-AFA1-8B999A2F01B1}.Release|Any CPU.ActiveCfg = Release|Any CPU
		{0E6B9745-C73A-4986-AFA1-8B999A2F01B1}.Release|Any CPU.Build.0 = Release|Any CPU
	EndGlobalSection
	GlobalSection(SolutionProperties) = preSolution
		HideSolutionNode = FALSE
	EndGlobalSection
	GlobalSection(ExtensibilityGlobals) = postSolution
		SolutionGuid = {4193AA2C-C74E-44C0-99DE-4DA45BEC3250}
	EndGlobalSection
EndGlobal
